
Microsoft Visual Studio Solution File, Format Version 12.00
# Visual Studio Version 17
VisualStudioVersion = 17.8.34309.116
MinimumVisualStudioVersion = 10.0.40219.1
Project("{FAE04EC0-301F-11D3-BF4B-00C04F79EFBC}") = "BookStore", "BookStore\BookStore.csproj", "{1F783334-E147-41A2-ABD6-97D27F4022B7}"
EndProject
Global
	GlobalSection(SolutionConfigurationPlatforms) = preSolution
		Debug|Any CPU = Debug|Any CPU
		Release|Any CPU = Release|Any CPU
	EndGlobalSection
	GlobalSection(ProjectConfigurationPlatforms) = postSolution
		{1F783334-E147-41A2-ABD6-97D27F4022B7}.Debug|Any CPU.ActiveCfg = Debug|Any CPU
		{1F783334-E147-41A2-ABD6-97D27F4022B7}.Debug|Any CPU.Build.0 = Debug|Any CPU
		{1F783334-E147-41A2-ABD6-97D27F4022B7}.Release|Any CPU.ActiveCfg = Release|Any CPU
		{1F783334-E147-41A2-ABD6-97D27F4022B7}.Release|Any CPU.Build.0 = Release|Any CPU
	EndGlobalSection
	GlobalSection(SolutionProperties) = preSolution
		HideSolutionNode = FALSE
	EndGlobalSection
	GlobalSection(ExtensibilityGlobals) = postSolution
		SolutionGuid = {44640389-7110-45C7-8C4B-F6169DB046F7}
	EndGlobalSection
EndGlobal
